PODS:
  - Alamofire (5.4.3)
  - SwiftyJSON (5.0.1)

DEPENDENCIES:
  - Alamofire (~> 5.4)
  - SwiftyJSON (~> 5.0)

SPEC REPOS:
  trunk:
    - Alamofire
    - SwiftyJSON

SPEC CHECKSUMS:
  Alamofire: e447a2774a40c996748296fa2c55112fdbbc42f9
  SwiftyJSON: 2f33a42c6fbc52764d96f13368585094bfd8aa5e

PODFILE CHECKSUM: 04b5ad53d47ce9f24cc8ffbb408268ce84b3220e

COCOAPODS: 1.10.1
